github.com/wowchemy/wowchemy-hugo-modules/netlify-cms-academic v0.0.0-20201228231801-219b05cbd2c4 h1:taX+pKqywm2nxmGsVZNj2OCoW39yzLJHwfC4e3j2PO0=
github.com/wowchemy/wowchemy-hugo-modules/netlify-cms-academic v0.0.0-20201228231801-219b05cbd2c4/go.mod h1:TU3QDPUdBSQnvDP5QVCwjAkBIdVMS/bKFA8jr3eI5AY=
github.com/wowchemy/wowchemy-hugo-modules/netlify-cms-academic v0.0.0-20210308212518-cf32fde82412 h1:ZtRyuQ8VfBX+raN/N0KT9FgpAVgLRkFnx2bx43YsuiY=
github.com/wowchemy/wowchemy-hugo-modules/netlify-cms-academic v0.0.0-20210308212518-cf32fde82412/go.mod h1:TU3QDPUdBSQnvDP5QVCwjAkBIdVMS/bKFA8jr3eI5AY=
github.com/wowchemy/wowchemy-hugo-modules/wowchemy v0.0.0-20201228231801-219b05cbd2c4 h1:EIk8PqNiLg1YcddZWwh2Khgvfkxh5KSX5hNsI7UBJVM=
github.com/wowchemy/wowchemy-hugo-modules/wowchemy v0.0.0-20201228231801-219b05cbd2c4/go.mod h1:H22qfH9qj3FWwsk7+bAZpmT24yRGNQURah2/IRwjbn8=
github.com/wowchemy/wowchemy-hugo-modules/wowchemy v0.0.0-20210308212518-cf32fde82412 h1:b+jVPvLDCUVMVpoY+cXmpPrQEsms/6rej/8xQfVHPV0=
github.com/wowchemy/wowchemy-hugo-modules/wowchemy v0.0.0-20210308212518-cf32fde82412/go.mod h1:H22qfH9qj3FWwsk7+bAZpmT24yRGNQURah2/IRwjbn8=
github.com/wowchemy/wowchemy-hugo-modules/wowchemy v0.0.0-20210525210730-89d079bcf055 h1:2aDKEgFpfUu0ebxGvCDUw/W4+UZx3wWseFsYpNvaqr4=
github.com/wowchemy/wowchemy-hugo-modules/wowchemy v0.0.0-20210525210730-89d079bcf055/go.mod h1:H22qfH9qj3FWwsk7+bAZpmT24yRGNQURah2/IRwjbn8=
github.com/wowchemy/wowchemy-hugo-modules/wowchemy v0.0.0-20210531181349-70cef473aec5 h1:Ew4ZlIU/Yn2oh4RLlLzaGXFXpLOOPZRRy2Qa7LroRs8=
github.com/wowchemy/wowchemy-hugo-modules/wowchemy v0.0.0-20210531181349-70cef473aec5/go.mod h1:H22qfH9qj3FWwsk7+bAZpmT24yRGNQURah2/IRwjbn8=
github.com/wowchemy/wowchemy-hugo-modules/wowchemy-cms v0.0.0-20210308212518-cf32fde82412 h1:vKxA74yfBGN5g/4BaO+B0FRIxdyIuBHrTq5uC+axbRc=
github.com/wowchemy/wowchemy-hugo-modules/wowchemy-cms v0.0.0-20210308212518-cf32fde82412/go.mod h1:AKpYbqUVlj0VYsc7Jsxe1o8Ko2yV31A5ZPdfpACcXJw=
github.com/wowchemy/wowchemy-hugo-modules/wowchemy-cms v0.0.0-20210525210730-89d079bcf055 h1:e/IE1WGzItQDeAX0o9cRdpLf9835ZbX5ttl/7f7nwTs=
github.com/wowchemy/wowchemy-hugo-modules/wowchemy-cms v0.0.0-20210525210730-89d079bcf055/go.mod h1:AKpYbqUVlj0VYsc7Jsxe1o8Ko2yV31A5ZPdfpACcXJw=
github.com/wowchemy/wowchemy-hugo-modules/wowchemy-cms v0.0.0-20210531181349-70cef473aec5 h1:zk+MWsCeqxHC5iEcrmq9cQiFABcBdKQ+01vib+wxmhA=
github.com/wowchemy/wowchemy-hugo-modules/wowchemy-cms v0.0.0-20210531181349-70cef473aec5/go.mod h1:AKpYbqUVlj0VYsc7Jsxe1o8Ko2yV31A5ZPdfpACcXJw=
